
Microsoft Visual Studio Solution File, Format Version 12.00
# Visual Studio 2013
VisualStudioVersion = 12.0.30501.0
MinimumVisualStudioVersion = 10.0.40219.1
Project("{F184B08F-C81C-45F6-A57F-5ABD9991F28F}") = "ConsoleApplication1", "ConsoleApplication1\ConsoleApplication1.vbproj", "{993B7A3C-4237-425B-9509-2DC9A5FD2372}"
EndProject
Global
	GlobalSection(SolutionConfigurationPlatforms) = preSolution
		Debug|Any CPU = Debug|Any CPU
		Release|Any CPU = Release|Any CPU
	EndGlobalSection
	GlobalSection(ProjectConfigurationPlatforms) = postSolution
		{993B7A3C-4237-425B-9509-2DC9A5FD2372}.Debug|Any CPU.ActiveCfg = Debug|Any CPU
		{993B7A3C-4237-425B-9509-2DC9A5FD2372}.Debug|Any CPU.Build.0 = Debug|Any CPU
		{993B7A3C-4237-425B-9509-2DC9A5FD2372}.Release|Any CPU.ActiveCfg = Release|Any CPU
		{993B7A3C-4237-425B-9509-2DC9A5FD2372}.Release|Any CPU.Build.0 = Release|Any CPU
	EndGlobalSection
	GlobalSection(SolutionProperties) = preSolution
		HideSolutionNode = FALSE
	EndGlobalSection
EndGlobal
